
Microsoft Visual Studio Solution File, Format Version 12.00
# Visual Studio Version 16
VisualStudioVersion = 16.0.30011.22
MinimumVisualStudioVersion = 10.0.40219.1
Project("{FAE04EC0-301F-11D3-BF4B-00C04F79EFBC}") = "Zadanie1Konferencje", "Zadanie1Konferencje\Zadanie1Konferencje.csproj", "{D052A0A4-061D-4EE4-8B11-15B04953845C}"
EndProject
Global
	GlobalSection(SolutionConfigurationPlatforms) = preSolution
		Debug|Any CPU = Debug|Any CPU
		Release|Any CPU = Release|Any CPU
	EndGlobalSection
	GlobalSection(ProjectConfigurationPlatforms) = postSolution
		{D052A0A4-061D-4EE4-8B11-15B04953845C}.Debug|Any CPU.ActiveCfg = Debug|Any CPU
		{D052A0A4-061D-4EE4-8B11-15B04953845C}.Debug|Any CPU.Build.0 = Debug|Any CPU
		{D052A0A4-061D-4EE4-8B11-15B04953845C}.Release|Any CPU.ActiveCfg = Release|Any CPU
		{D052A0A4-061D-4EE4-8B11-15B04953845C}.Release|Any CPU.Build.0 = Release|Any CPU
	EndGlobalSection
	GlobalSection(SolutionProperties) = preSolution
		HideSolutionNode = FALSE
	EndGlobalSection
	GlobalSection(ExtensibilityGlobals) = postSolution
		SolutionGuid = {1DA6DFCF-C22F-48D0-8794-A801E8CF8183}
	EndGlobalSection
EndGlobal
